{
  "requires": true,
  "lockfileVersion": 1,
  "dependencies": {
    "bootstrap.native": {
      "version": "4.1.0-alpha4",
      "resolved": "https://registry.npmjs.org/bootstrap.native/-/bootstrap.native-4.1.0-alpha4.tgz",
      "integrity": "sha512-clexjiBw0Hyw+uNnx31VXfPeIrn1MxuvsEY/9JNmBDlLCS07Cjqjc+28Doxnzubh34eULIqKysvxd+YwvTG3+g==",
      "requires": {
        "event-listener.js": "^0.0.4",
        "minifill": "^0.0.17",
        "shorter-js": "^0.3.0-alpha22"
      }
    },
    "event-listener.js": {
      "version": "0.0.4",
      "resolved": "https://registry.npmjs.org/event-listener.js/-/event-listener.js-0.0.4.tgz",
      "integrity": "sha512-GKrrQ9sF3l/MsRlnjeYtDDtC6iQmw/blguyEOpPQKnGx5ue7LyBf0tsD+d2wLIF6v/NZwwjlxujAxg23jqL2YQ=="
    },
    "minifill": {
      "version": "0.0.17",
      "resolved": "https://registry.npmjs.org/minifill/-/minifill-0.0.17.tgz",
      "integrity": "sha512-tV56LFXsi8vjH4tUExtlu8aPKKQw/U/mn4OIrDU9x30H+9sP8/dWFbXzkAPmcH6o+9fho98kyafnk4VgQViYQQ=="
    },
    "shorter-js": {
      "version": "0.3.0-alpha23",
      "resolved": "https://registry.npmjs.org/shorter-js/-/shorter-js-0.3.0-alpha23.tgz",
      "integrity": "sha512-mICGG7mqY+ACNZ683vg5Psxm7R34Mv/qfqcnHsmZ6GqOv2OLHSDTkes5FyEJMu9o7QloxBWp306oiC34DDKxIw=="
    }
  }
}
